
Microsoft Visual Studio Solution File, Format Version 12.00
# Visual Studio 14
VisualStudioVersion = 14.0.23107.0
MinimumVisualStudioVersion = 10.0.40219.1
Project("{FAE04EC0-301F-11D3-BF4B-00C04F79EFBC}") = "pixiv_demo", "pixiv_demo\pixiv_demo.csproj", "{F42EEE8D-31E0-4FFD-A68A-5A1E357870A3}"
EndProject
Project("{FAE04EC0-301F-11D3-BF4B-00C04F79EFBC}") = "pixiv_API", "pixiv_API\pixiv_API.csproj", "{7421A19D-CD57-44A7-887C-4AE132E21450}"
EndProject
Global
	GlobalSection(SolutionConfigurationPlatforms) = preSolution
		Debug|Any CPU = Debug|Any CPU
		Release|Any CPU = Release|Any CPU
	EndGlobalSection
	GlobalSection(ProjectConfigurationPlatforms) = postSolution
		{F42EEE8D-31E0-4FFD-A68A-5A1E357870A3}.Debug|Any CPU.ActiveCfg = Debug|Any CPU
		{F42EEE8D-31E0-4FFD-A68A-5A1E357870A3}.Debug|Any CPU.Build.0 = Debug|Any CPU
		{F42EEE8D-31E0-4FFD-A68A-5A1E357870A3}.Release|Any CPU.ActiveCfg = Release|Any CPU
		{F42EEE8D-31E0-4FFD-A68A-5A1E357870A3}.Release|Any CPU.Build.0 = Release|Any CPU
		{7421A19D-CD57-44A7-887C-4AE132E21450}.Debug|Any CPU.ActiveCfg = Debug|Any CPU
		{7421A19D-CD57-44A7-887C-4AE132E21450}.Debug|Any CPU.Build.0 = Debug|Any CPU
		{7421A19D-CD57-44A7-887C-4AE132E21450}.Release|Any CPU.ActiveCfg = Release|Any CPU
		{7421A19D-CD57-44A7-887C-4AE132E21450}.Release|Any CPU.Build.0 = Release|Any CPU
	EndGlobalSection
	GlobalSection(SolutionProperties) = preSolution
		HideSolutionNode = FALSE
	EndGlobalSection
EndGlobal
